PODS:
  - Alamofire (5.7.1)
  - AlamofireEasyLogger (1.6.0):
    - Alamofire (>= 5.0)
  - IQKeyboardManagerSwift (6.5.12)
  - MOLH (1.4.3)
  - Moya (15.0.0):
    - Moya/Core (= 15.0.0)
  - Moya/Core (15.0.0):
    - Alamofire (~> 5.0)
  - NVActivityIndicatorView (5.1.1):
    - NVActivityIndicatorView/Base (= 5.1.1)
  - NVActivityIndicatorView/Base (5.1.1)
  - Realm (10.43.0):
    - Realm/Headers (= 10.43.0)
  - Realm/Headers (10.43.0)
  - RealmSwift (10.43.0):
    - Realm (= 10.43.0)
  - SDWebImage (5.17.0):
    - SDWebImage/Core (= 5.17.0)
  - SDWebImage/Core (5.17.0)
  - SkeletonView (1.30.4)
  - SwiftyJSON (5.0.1)

DEPENDENCIES:
  - Alamofire
  - AlamofireEasyLogger
  - IQKeyboardManagerSwift
  - MOLH
  - Moya
  - NVActivityIndicatorView
  - RealmSwift (~> 10)
  - SDWebImage
  - SkeletonView
  - SwiftyJSON

SPEC REPOS:
  trunk:
    - Alamofire
    - AlamofireEasyLogger
    - IQKeyboardManagerSwift
    - MOLH
    - Moya
    - NVActivityIndicatorView
    - Realm
    - RealmSwift
    - SDWebImage
    - SkeletonView
    - SwiftyJSON

SPEC CHECKSUMS:
  Alamofire: 0123a34370cb170936ae79a8df46cc62b2edeb88
  AlamofireEasyLogger: f2fd10b57d973593a79a4b61f274c6a5cb3e1333
  IQKeyboardManagerSwift: 371b08cb39664fb56030f5345c815a4ffc74bbc0
  MOLH: e45827d200aeb1310641090fd8cd03ad2b42ae72
  Moya: 138f0573e53411fb3dc17016add0b748dfbd78ee
  NVActivityIndicatorView: 1f6c5687f1171810aa27a3296814dc2d7dec3667
  Realm: fc65bea3f5c3da2ecdc76324f180e054e7cf4eb0
  RealmSwift: a7d48361c585769690c175428cc2bf15e1074444
  SDWebImage: 750adf017a315a280c60fde706ab1e552a3ae4e9
  SkeletonView: 5a050f6411e697abd4cda0a8d767013399dccd69
  SwiftyJSON: 2f33a42c6fbc52764d96f13368585094bfd8aa5e

PODFILE CHECKSUM: 02b51317b215b212198969fb3cbe71c5c0376334

COCOAPODS: 1.13.0
